<?xml version="1.0" encoding="utf-8"?>
<Project ToolsVersion="4.0" xmlns="http://schemas.microsoft.com/developer/msbuild/2003">
  <ItemGroup>
    <ClCompile Include="..\Source\main.cpp" />
    <ClCompile Include="..\Source\JPSCollision.cpp">
      <Filter>JPS</Filter>
    </ClCompile>
    <ClCompile Include="..\Source\JPSPath.cpp">
      <Filter>JPS</Filter>
    </ClCompile>
  </ItemGroup>
  <ItemGroup>
    <ClInclude Include="..\Source\Base.h">
      <Filter>JPS</Filter>
    </ClInclude>
    <ClInclude Include="..\Source\BitArray.h">
      <Filter>JPS</Filter>
    </ClInclude>
    <ClInclude Include="..\Source\JPSCollision.h">
      <Filter>JPS</Filter>
    </ClInclude>
    <ClInclude Include="..\Source\JPSHeap.h">
      <Filter>JPS</Filter>
    </ClInclude>
    <ClInclude Include="..\Source\JPSPath.h">
      <Filter>JPS</Filter>
    </ClInclude>
  </ItemGroup>
  <ItemGroup>
    <Filter Include="JPS">
      <UniqueIdentifier>{3cbf1a92-75e1-4689-99ca-45e087376334}</UniqueIdentifier>
    </Filter>
  </ItemGroup>
</Project>