<?xml version="1.0" encoding="utf-8"?>
<Project ToolsVersion="4.0" xmlns="http://schemas.microsoft.com/developer/msbuild/2003">
  <ItemGroup>
    <ClCompile Include="..\Source\JPSCollision.cpp" />
    <ClCompile Include="..\Source\JPSPath.cpp" />
    <ClCompile Include="..\Source\main.cpp" />
  </ItemGroup>
  <ItemGroup>
    <ClInclude Include="..\Source\Base.h" />
    <ClInclude Include="..\Source\BitArray.h" />
    <ClInclude Include="..\Source\JPSCollision.h" />
    <ClInclude Include="..\Source\JPSHeap.h" />
    <ClInclude Include="..\Source\JPSPath.h" />
    <ClInclude Include="..\Source\CoreTypeDef.h" />
  </ItemGroup>
</Project>